
Microsoft Visual Studio Solution File, Format Version 12.00
Project("{FAE04EC0-301F-11D3-BF4B-00C04F79EFBC}") = "CampusEats.Api", "CampusEats.Api\CampusEats.Api.csproj", "{87D153E0-720B-4835-80F0-77BB9E3D2F76}"
EndProject
Project("{FAE04EC0-301F-11D3-BF4B-00C04F79EFBC}") = "CampusEats.Client", "CampusEats.Client\CampusEats.Client.csproj", "{D9E53AA6-5C2A-42E9-B349-22508917AC31}"
EndProject
Global
	GlobalSection(SolutionConfigurationPlatforms) = preSolution
		Debug|Any CPU = Debug|Any CPU
		Release|Any CPU = Release|Any CPU
	EndGlobalSection
	GlobalSection(ProjectConfigurationPlatforms) = postSolution
		{87D153E0-720B-4835-80F0-77BB9E3D2F76}.Debug|Any CPU.ActiveCfg = Debug|Any CPU
		{87D153E0-720B-4835-80F0-77BB9E3D2F76}.Debug|Any CPU.Build.0 = Debug|Any CPU
		{87D153E0-720B-4835-80F0-77BB9E3D2F76}.Release|Any CPU.ActiveCfg = Release|Any CPU
		{87D153E0-720B-4835-80F0-77BB9E3D2F76}.Release|Any CPU.Build.0 = Release|Any CPU
		{D9E53AA6-5C2A-42E9-B349-22508917AC31}.Debug|Any CPU.ActiveCfg = Debug|Any CPU
		{D9E53AA6-5C2A-42E9-B349-22508917AC31}.Debug|Any CPU.Build.0 = Debug|Any CPU
		{D9E53AA6-5C2A-42E9-B349-22508917AC31}.Release|Any CPU.ActiveCfg = Release|Any CPU
		{D9E53AA6-5C2A-42E9-B349-22508917AC31}.Release|Any CPU.Build.0 = Release|Any CPU
	EndGlobalSection
EndGlobal
